<?xml version="1.0" encoding="utf-8"?>
<Project ToolsVersion="4.0" xmlns="http://schemas.microsoft.com/developer/msbuild/2003">
  <ItemGroup>
    <Filter Include="Source Files">
      <UniqueIdentifier>{4FC737F1-C7A5-4376-A066-2A32D752A2FF}</UniqueIdentifier>
      <Extensions>cpp;c;cc;cxx;def;odl;idl;hpj;bat;asm;asmx</Extensions>
    </Filter>
    <Filter Include="Header Files">
      <UniqueIdentifier>{93995380-89BD-4b04-88EB-625FBE52EBFB}</UniqueIdentifier>
      <Extensions>h;hh;hpp;hxx;hm;inl;inc;xsd</Extensions>
    </Filter>
    <Filter Include="Resource Files">
      <UniqueIdentifier>{67DA6AB6-F800-4c08-8B7A-83BB121AAD01}</UniqueIdentifier>
      <Extensions>rc;ico;cur;bmp;dlg;rc2;rct;bin;rgs;gif;jpg;jpeg;jpe;resx;tiff;tif;png;wav</Extensions>
    </Filter>
  </ItemGroup>
  <ItemGroup>
    <ClCompile Include="ARDrawingContext.cpp">
      <Filter>Source Files</Filter>
    </ClCompile>
    <ClCompile Include="ARPipeline.cpp">
      <Filter>Source Files</Filter>
    </ClCompile>
    <ClCompile Include="CameraCalibration.cpp">
      <Filter>Source Files</Filter>
    </ClCompile>
    <ClCompile Include="GeometryTypes.cpp">
      <Filter>Source Files</Filter>
    </ClCompile>
    <ClCompile Include="main.cpp">
      <Filter>Source Files</Filter>
    </ClCompile>
    <ClCompile Include="Pattern.cpp">
      <Filter>Source Files</Filter>
    </ClCompile>
    <ClCompile Include="PatternDetector.cpp">
      <Filter>Source Files</Filter>
    </ClCompile>
    <ClCompile Include="Timer.cpp">
      <Filter>Source Files</Filter>
    </ClCompile>
    <ClCompile Include="cg\mypoint.cpp">
      <Filter>Source Files</Filter>
    </ClCompile>
    <ClCompile Include="cg\myline.cpp">
      <Filter>Source Files</Filter>
    </ClCompile>
    <ClCompile Include="cg\mypolygon.cpp">
      <Filter>Source Files</Filter>
    </ClCompile>
    <ClCompile Include="Globals.cpp">
      <Filter>Source Files</Filter>
    </ClCompile>
    <ClCompile Include="ARError.cpp">
      <Filter>Source Files</Filter>
    </ClCompile>
    <ClCompile Include="ARDrawing.cpp">
      <Filter>Source Files</Filter>
    </ClCompile>
    <ClCompile Include="Utils.cpp">
      <Filter>Source Files</Filter>
    </ClCompile>
    <ClCompile Include="Friend.cpp">
      <Filter>Source Files</Filter>
    </ClCompile>
    <ClCompile Include="PatternFactory.cpp">
      <Filter>Source Files</Filter>
    </ClCompile>
    <ClCompile Include="Bj1Info.cpp">
      <Filter>Source Files</Filter>
    </ClCompile>
    <ClCompile Include="AREngine.cpp">
      <Filter>Source Files</Filter>
    </ClCompile>
    <ClCompile Include="MapInfo.cpp">
      <Filter>Source Files</Filter>
    </ClCompile>
    <ClCompile Include="Model\mesh.cpp">
      <Filter>Source Files</Filter>
    </ClCompile>
    <ClCompile Include="Model\pmesh.cpp">
      <Filter>Source Files</Filter>
    </ClCompile>
    <ClCompile Include="Model\triangle.cpp">
      <Filter>Source Files</Filter>
    </ClCompile>
    <ClCompile Include="Model\vec3.cpp">
      <Filter>Source Files</Filter>
    </ClCompile>
    <ClCompile Include="Model\vertex.cpp">
      <Filter>Source Files</Filter>
    </ClCompile>
  </ItemGroup>
  <ItemGroup>
    <ClInclude Include="Timer.h">
      <Filter>Header Files</Filter>
    </ClInclude>
    <ClInclude Include="ARDrawingContext.hpp">
      <Filter>Header Files</Filter>
    </ClInclude>
    <ClInclude Include="ARPipeline.hpp">
      <Filter>Header Files</Filter>
    </ClInclude>
    <ClInclude Include="CameraCalibration.hpp">
      <Filter>Header Files</Filter>
    </ClInclude>
    <ClInclude Include="DebugHelpers.hpp">
      <Filter>Header Files</Filter>
    </ClInclude>
    <ClInclude Include="GeometryTypes.hpp">
      <Filter>Header Files</Filter>
    </ClInclude>
    <ClInclude Include="Pattern.hpp">
      <Filter>Header Files</Filter>
    </ClInclude>
    <ClInclude Include="PatternDetector.hpp">
      <Filter>Header Files</Filter>
    </ClInclude>
    <ClInclude Include="cg\mypoint.h">
      <Filter>Header Files</Filter>
    </ClInclude>
    <ClInclude Include="cg\myline.h">
      <Filter>Header Files</Filter>
    </ClInclude>
    <ClInclude Include="cg\mypolygon.h">
      <Filter>Header Files</Filter>
    </ClInclude>
    <ClInclude Include="Globals.h">
      <Filter>Header Files</Filter>
    </ClInclude>
    <ClInclude Include="ARError.h">
      <Filter>Header Files</Filter>
    </ClInclude>
    <ClInclude Include="ARDrawing.h">
      <Filter>Header Files</Filter>
    </ClInclude>
    <ClInclude Include="Utils.h">
      <Filter>Header Files</Filter>
    </ClInclude>
    <ClInclude Include="Friend.h">
      <Filter>Header Files</Filter>
    </ClInclude>
    <ClInclude Include="PatternFactory.h">
      <Filter>Header Files</Filter>
    </ClInclude>
    <ClInclude Include="Bj1Info.h">
      <Filter>Header Files</Filter>
    </ClInclude>
    <ClInclude Include="AREngine.h">
      <Filter>Header Files</Filter>
    </ClInclude>
    <ClInclude Include="MapInfo.h">
      <Filter>Header Files</Filter>
    </ClInclude>
    <ClInclude Include="Model\mesh.h">
      <Filter>Header Files</Filter>
    </ClInclude>
    <ClInclude Include="Model\pmesh.h">
      <Filter>Header Files</Filter>
    </ClInclude>
    <ClInclude Include="Model\resource.h">
      <Filter>Header Files</Filter>
    </ClInclude>
    <ClInclude Include="Model\triangle.h">
      <Filter>Header Files</Filter>
    </ClInclude>
    <ClInclude Include="Model\vec3.h">
      <Filter>Header Files</Filter>
    </ClInclude>
    <ClInclude Include="Model\vertex.h">
      <Filter>Header Files</Filter>
    </ClInclude>
  </ItemGroup>
</Project>